
Microsoft Visual Studio Solution File, Format Version 12.00
# Visual Studio Version 17
VisualStudioVersion = 17.13.35913.81 d17.13
MinimumVisualStudioVersion = 10.0.40219.1
Project("{8BC9CEB8-8B4A-11D0-8D11-00A0C91BC942}") = "MethodPrototype", "MethodPrototype\MethodPrototype.vcxproj", "{7D2B133A-FECD-4A99-9E7F-3A3B377E089A}"
EndProject
Global
	GlobalSection(SolutionConfigurationPlatforms) = preSolution
		Debug|x64 = Debug|x64
		Debug|x86 = Debug|x86
		Release|x64 = Release|x64
		Release|x86 = Release|x86
	EndGlobalSection
	GlobalSection(ProjectConfigurationPlatforms) = postSolution
		{7D2B133A-FECD-4A99-9E7F-3A3B377E089A}.Debug|x64.ActiveCfg = Debug|x64
		{7D2B133A-FECD-4A99-9E7F-3A3B377E089A}.Debug|x64.Build.0 = Debug|x64
		{7D2B133A-FECD-4A99-9E7F-3A3B377E089A}.Debug|x86.ActiveCfg = Debug|Win32
		{7D2B133A-FECD-4A99-9E7F-3A3B377E089A}.Debug|x86.Build.0 = Debug|Win32
		{7D2B133A-FECD-4A99-9E7F-3A3B377E089A}.Release|x64.ActiveCfg = Release|x64
		{7D2B133A-FECD-4A99-9E7F-3A3B377E089A}.Release|x64.Build.0 = Release|x64
		{7D2B133A-FECD-4A99-9E7F-3A3B377E089A}.Release|x86.ActiveCfg = Release|Win32
		{7D2B133A-FECD-4A99-9E7F-3A3B377E089A}.Release|x86.Build.0 = Release|Win32
	EndGlobalSection
	GlobalSection(SolutionProperties) = preSolution
		HideSolutionNode = FALSE
	EndGlobalSection
	GlobalSection(ExtensibilityGlobals) = postSolution
		SolutionGuid = {C32A8017-C74F-42FD-AE73-EAA3AB024FD7}
	EndGlobalSection
EndGlobal
