
Microsoft Visual Studio Solution File, Format Version 12.00
# Visual Studio Version 17
VisualStudioVersion = 17.13.35913.81 d17.13
MinimumVisualStudioVersion = 10.0.40219.1
Project("{8BC9CEB8-8B4A-11D0-8D11-00A0C91BC942}") = "GenericPointer", "GenericPointer\GenericPointer.vcxproj", "{047E5392-86FC-4F20-B391-031DDC0AFA42}"
EndProject
Global
	GlobalSection(SolutionConfigurationPlatforms) = preSolution
		Debug|x64 = Debug|x64
		Debug|x86 = Debug|x86
		Release|x64 = Release|x64
		Release|x86 = Release|x86
	EndGlobalSection
	GlobalSection(ProjectConfigurationPlatforms) = postSolution
		{047E5392-86FC-4F20-B391-031DDC0AFA42}.Debug|x64.ActiveCfg = Debug|x64
		{047E5392-86FC-4F20-B391-031DDC0AFA42}.Debug|x64.Build.0 = Debug|x64
		{047E5392-86FC-4F20-B391-031DDC0AFA42}.Debug|x86.ActiveCfg = Debug|Win32
		{047E5392-86FC-4F20-B391-031DDC0AFA42}.Debug|x86.Build.0 = Debug|Win32
		{047E5392-86FC-4F20-B391-031DDC0AFA42}.Release|x64.ActiveCfg = Release|x64
		{047E5392-86FC-4F20-B391-031DDC0AFA42}.Release|x64.Build.0 = Release|x64
		{047E5392-86FC-4F20-B391-031DDC0AFA42}.Release|x86.ActiveCfg = Release|Win32
		{047E5392-86FC-4F20-B391-031DDC0AFA42}.Release|x86.Build.0 = Release|Win32
	EndGlobalSection
	GlobalSection(SolutionProperties) = preSolution
		HideSolutionNode = FALSE
	EndGlobalSection
	GlobalSection(ExtensibilityGlobals) = postSolution
		SolutionGuid = {8F4063E8-0909-43AF-A4B9-B2D2A7544C18}
	EndGlobalSection
EndGlobal
